// !$*UTF8*$!
{
	archiveVersion = 1;
	classes = {
	};
	objectVersion = 46;
	objects = {

/* Begin PBXBuildFile section */
		C3F570B21F4CACC700B9F67A /* AppDelegate.swift in Sources */ = {isa = PBXBuildFile; fileRef = C3F570B11F4CACC700B9F67A /* AppDelegate.swift */; };
		C3F570B41F4CACC700B9F67A /* ViewController.swift in Sources */ = {isa = PBXBuildFile; fileRef = C3F570B31F4CACC700B9F67A /* ViewController.swift */; };
		C3F570B71F4CACC700B9F67A /* Main.storyboard in Resources */ = {isa = PBXBuildFile; fileRef = C3F570B51F4CACC700B9F67A /* Main.storyboard */; };
		C3F570B91F4CACC700B9F67A /* Assets.xcassets in Resources */ = {isa = PBXBuildFile; fileRef = C3F570B81F4CACC700B9F67A /* Assets.xcassets */; };
		C3F570BC1F4CACC700B9F67A /* LaunchScreen.storyboard in Resources */ = {isa = PBXBuildFile; fileRef = C3F570BA1F4CACC700B9F67A /* LaunchScreen.storyboard */; };
/* End PBXBuildFile section */

/* Begin PBXFileReference section */
		C3F570AE1F4CACC700B9F67A /* HomeWork3.app */ = {isa = PBXFileReference; explicitFileType = wrapper.application; includeInIndex = 0; path = HomeWork3.app; sourceTree = BUILT_PRODUCTS_DIR; };
		C3F570B11F4CACC700B9F67A /* AppDelegate.swift */ = {isa = PBXFileReference; lastKnownFileType = sourcecode.swift; path = AppDelegate.swift; sourceTree = "<group>"; };
		C3F570B31F4CACC700B9F67A /* ViewController.swift */ = {isa = PBXFileReference; lastKnownFileType = sourcecode.swift; path = ViewController.swift; sourceTree = "<group>"; };
		C3F570B61F4CACC700B9F67A /* Base */ = {isa = PBXFileReference; lastKnownFileType = file.storyboard; name = Base; path = Base.lproj/Main.storyboard; sourceTree = "<group>"; };
		C3F570B81F4CACC700B9F67A /* Assets.xcassets */ = {isa = PBXFileReference; lastKnownFileType = folder.assetcatalog; path = Assets.xcassets; sourceTree = "<group>"; };
		C3F570BB1F4CACC700B9F67A /* Base */ = {isa = PBXFileReference; lastKnownFileType = file.storyboard; name = Base; path = Base.lproj/LaunchScreen.storyboard; sourceTree = "<group>"; };
		C3F570BD1F4CACC700B9F67A /* Info.plist */ = {isa = PBXFileReference; lastKnownFileType = text.plist.xml; path = Info.plist; sourceTree = "<group>"; };
/* End PBXFileReference section */

/* Begin PBXFrameworksBuildPhase section */
		C3F570AB1F4CACC700B9F67A /* Frameworks */ = {
			isa = PBXFrameworksBuildPhase;
			buildActionMask = 2147483647;
			files = (
			);
			runOnlyForDeploymentPostprocessing = 0;
		};
/* End PBXFrameworksBuildPhase section */

/* Begin PBXGroup section */
		C3F570A51F4CACC700B9F67A = {
			isa = PBXGroup;
			children = (
				C3F570B01F4CACC700B9F67A /* HomeWork3 */,
				C3F570AF1F4CACC700B9F67A /* Products */,
			);
			sourceTree = "<group>";
		};
		C3F570AF1F4CACC700B9F67A /* Products */ = {
			isa = PBXGroup;
			children = (
				C3F570AE1F4CACC700B9F67A /* HomeWork3.app */,
			);
			name = Products;
			sourceTree = "<group>";
		};
		C3F570B01F4CACC700B9F67A /* HomeWork3 */ = {
			isa = PBXGroup;
			children = (
				C3F570B11F4CACC700B9F67A /* AppDelegate.swift */,
				C3F570B31F4CACC700B9F67A /* ViewController.swift */,
				C3F570B51F4CACC700B9F67A /* Main.storyboard */,
				C3F570B81F4CACC700B9F67A /* Assets.xcassets */,
				C3F570BA1F4CACC700B9F67A /* LaunchScreen.storyboard */,
				C3F570BD1F4CACC700B9F67A /* Info.plist */,
			);
			path = HomeWork3;
			sourceTree = "<group>";
		};
/* End PBXGroup section */

/* Begin PBXNativeTarget section */
		C3F570AD1F4CACC700B9F67A /* HomeWork3 */ = {
			isa = PBXNativeTarget;
			buildConfigurationList = C3F570C01F4CACC700B9F67A /* Build configuration list for PBXNativeTarget "HomeWork3" */;
			buildPhases = (
				C3F570AA1F4CACC700B9F67A /* Sources */,
				C3F570AB1F4CACC700B9F67A /* Frameworks */,
				C3F570AC1F4CACC700B9F67A /* Resources */,
			);
			buildRules = (
			);
			dependencies = (
			);
			name = HomeWork3;
			productName = HomeWork3;
			productReference = C3F570AE1F4CACC700B9F67A /* HomeWork3.app */;
			productType = "com.apple.product-type.application";
		};
/* End PBXNativeTarget section */

/* Begin PBXProject section */
		C3F570A61F4CACC700B9F67A /* Project object */ = {
			isa = PBXProject;
			attributes = {
				LastSwiftUpdateCheck = 0830;
				LastUpgradeCheck = 0830;
				ORGANIZATIONNAME = "Rusanov Dima";
				TargetAttributes = {
					C3F570AD1F4CACC700B9F67A = {
						CreatedOnToolsVersion = 8.3.3;
						DevelopmentTeam = N239ZKJKTJ;
						ProvisioningStyle = Automatic;
					};
				};
			};
			buildConfigurationList = C3F570A91F4CACC700B9F67A /* Build configuration list for PBXProject "HomeWork3" */;
			compatibilityVersion = "Xcode 3.2";
			developmentRegion = English;
			hasScannedForEncodings = 0;
			knownRegions = (
				en,
				Base,
			);
			mainGroup = C3F570A51F4CACC700B9F67A;
			productRefGroup = C3F570AF1F4CACC700B9F67A /* Products */;
			projectDirPath = "";
			projectRoot = "";
			targets = (
				C3F570AD1F4CACC700B9F67A /* HomeWork3 */,
			);
		};
/* End PBXProject section */

/* Begin PBXResourcesBuildPhase section */
		C3F570AC1F4CACC700B9F67A /* Resources */ = {
			isa = PBXResourcesBuildPhase;
			buildActionMask = 2147483647;
			files = (
				C3F570BC1F4CACC700B9F67A /* LaunchScreen.storyboard in Resources */,
				C3F570B91F4CACC700B9F67A /* Assets.xcassets in Resources */,
				C3F570B71F4CACC700B9F67A /* Main.storyboard in Resources */,
			);
			runOnlyForDeploymentPostprocessing = 0;
		};
/* End PBXResourcesBuildPhase section */

/* Begin PBXSourcesBuildPhase section */
		C3F570AA1F4CACC700B9F67A /* Sources */ = {
			isa = PBXSourcesBuildPhase;
			buildActionMask = 2147483647;
			files = (
				C3F570B41F4CACC700B9F67A /* ViewController.swift in Sources */,
				C3F570B21F4CACC700B9F67A /* AppDelegate.swift in Sources */,
			);
			runOnlyForDeploymentPostprocessing = 0;
		};
/* End PBXSourcesBuildPhase section */

/* Begin PBXVariantGroup section */
		C3F570B51F4CACC700B9F67A /* Main.storyboard */ = {
			isa = PBXVariantGroup;
			children = (
				C3F570B61F4CACC700B9F67A /* Base */,
			);
			name = Main.storyboard;
			sourceTree = "<group>";
		};
		C3F570BA1F4CACC700B9F67A /* LaunchScreen.storyboard */ = {
			isa = PBXVariantGroup;
			children = (
				C3F570BB1F4CACC700B9F67A /* Base */,
			);
			name = LaunchScreen.storyboard;
			sourceTree = "<group>";
		};
/* End PBXVariantGroup section */

/* Begin XCBuildConfiguration section */
		C3F570BE1F4CACC700B9F67A /* Debug */ = {
			isa = XCBuildConfiguration;
			buildSettings = {
				ALWAYS_SEARCH_USER_PATHS = NO;
				CLANG_ANALYZER_NONNULL = YES;
				CLANG_ANALYZER_NUMBER_OBJECT_CONVERSION = YES_AGGRESSIVE;
				CLANG_CXX_LANGUAGE_STANDARD = "gnu++0x";
				CLANG_CXX_LIBRARY = "libc++";
				CLANG_ENABLE_MODULES = YES;
				CLANG_ENABLE_OBJC_ARC = YES;
				CLANG_WARN_BOOL_CONVERSION = YES;
				CLANG_WARN_CONSTANT_CONVERSION = YES;
				CLANG_WARN_DIRECT_OBJC_ISA_USAGE = YES_ERROR;
				CLANG_WARN_DOCUMENTATION_COMMENTS = YES;
				CLANG_WARN_EMPTY_BODY = YES;
				CLANG_WARN_ENUM_CONVERSION = YES;
				CLANG_WARN_INFINITE_RECURSION = YES;
				CLANG_WARN_INT_CONVERSION = YES;
				CLANG_WARN_OBJC_ROOT_CLASS = YES_ERROR;
				CLANG_WARN_SUSPICIOUS_MOVE = YES;
				CLANG_WARN_UNREACHABLE_CODE = YES;
				CLANG_WARN__DUPLICATE_METHOD_MATCH = YES;
				"CODE_SIGN_IDENTITY[sdk=iphoneos*]" = "iPhone Developer";
				COPY_PHASE_STRIP = NO;
				DEBUG_INFORMATION_FORMAT = dwarf;
				ENABLE_STRICT_OBJC_MSGSEND = YES;
				ENABLE_TESTABILITY = YES;
				GCC_C_LANGUAGE_STANDARD = gnu99;
				GCC_DYNAMIC_NO_PIC = NO;
				GCC_NO_COMMON_BLOCKS = YES;
				GCC_OPTIMIZATION_LEVEL = 0;
				GCC_PREPROCESSOR_DEFINITIONS = (
					"DEBUG=1",
					"$(inherited)",
				);
				GCC_WARN_64_TO_32_BIT_CONVERSION = YES;
				GCC_WARN_ABOUT_RETURN_TYPE = YES_ERROR;
				GCC_WARN_UNDECLARED_SELECTOR = YES;
				GCC_WARN_UNINITIALIZED_AUTOS = YES_AGGRESSIVE;
				GCC_WARN_UNUSED_FUNCTION = YES;
				GCC_WARN_UNUSED_VARIABLE = YES;
				IPHONEOS_DEPLOYMENT_TARGET = 10.3;
				MTL_ENABLE_DEBUG_INFO = YES;
				ONLY_ACTIVE_ARCH = YES;
				SDKROOT = iphoneos;
				SWIFT_ACTIVE_COMPILATION_CONDITIONS = DEBUG;
				SWIFT_OPTIMIZATION_LEVEL = "-Onone";
			};
			name = Debug;
		};
		C3F570BF1F4CACC700B9F67A /* Release */ = {
			isa = XCBuildConfiguration;
			buildSettings = {
				ALWAYS_SEARCH_USER_PATHS = NO;
				CLANG_ANALYZER_NONNULL = YES;
				CLANG_ANALYZER_NUMBER_OBJECT_CONVERSION = YES_AGGRESSIVE;
				CLANG_CXX_LANGUAGE_STANDARD = "gnu++0x";
				CLANG_CXX_LIBRARY = "libc++";
				CLANG_ENABLE_MODULES = YES;
				CLANG_ENABLE_OBJC_ARC = YES;
				CLANG_WARN_BOOL_CONVERSION = YES;
				CLANG_WARN_CONSTANT_CONVERSION = YES;
				CLANG_WARN_DIRECT_OBJC_ISA_USAGE = YES_ERROR;
				CLANG_WARN_DOCUMENTATION_COMMENTS = YES;
				CLANG_WARN_EMPTY_BODY = YES;
				CLANG_WARN_ENUM_CONVERSION = YES;
				CLANG_WARN_INFINITE_RECURSION = YES;
				CLANG_WARN_INT_CONVERSION = YES;
				CLANG_WARN_OBJC_ROOT_CLASS = YES_ERROR;
				CLANG_WARN_SUSPICIOUS_MOVE = YES;
				CLANG_WARN_UNREACHABLE_CODE = YES;
				CLANG_WARN__DUPLICATE_METHOD_MATCH = YES;
				"CODE_SIGN_IDENTITY[sdk=iphoneos*]" = "iPhone Developer";
				COPY_PHASE_STRIP = NO;
				DEBUG_INFORMATION_FORMAT = "dwarf-with-dsym";
				ENABLE_NS_ASSERTIONS = NO;
				ENABLE_STRICT_OBJC_MSGSEND = YES;
				GCC_C_LANGUAGE_STANDARD = gnu99;
				GCC_NO_COMMON_BLOCKS = YES;
				GCC_WARN_64_TO_32_BIT_CONVERSION = YES;
				GCC_WARN_ABOUT_RETURN_TYPE = YES_ERROR;
				GCC_WARN_UNDECLARED_SELECTOR = YES;
				GCC_WARN_UNINITIALIZED_AUTOS = YES_AGGRESSIVE;
				GCC_WARN_UNUSED_FUNCTION = YES;
				GCC_WARN_UNUSED_VARIABLE = YES;
				IPHONEOS_DEPLOYMENT_TARGET = 10.3;
				MTL_ENABLE_DEBUG_INFO = NO;
				SDKROOT = iphoneos;
				SWIFT_OPTIMIZATION_LEVEL = "-Owholemodule";
				VALIDATE_PRODUCT = YES;
			};
			name = Release;
		};
		C3F570C11F4CACC700B9F67A /* Debug */ = {
			isa = XCBuildConfiguration;
			buildSettings = {
				ASSETCATALOG_COMPILER_APPICON_NAME = AppIcon;
				DEVELOPMENT_TEAM = N239ZKJKTJ;
				INFOPLIST_FILE = HomeWork3/Info.plist;
				LD_RUNPATH_SEARCH_PATHS = "$(inherited) @executable_path/Frameworks";
				PRODUCT_BUNDLE_IDENTIFIER = Dima.HomeWork3;
				PRODUCT_NAME = "$(TARGET_NAME)";
				SWIFT_VERSION = 3.0;
			};
			name = Debug;
		};
		C3F570C21F4CACC700B9F67A /* Release */ = {
			isa = XCBuildConfiguration;
			buildSettings = {
				ASSETCATALOG_COMPILER_APPICON_NAME = AppIcon;
				DEVELOPMENT_TEAM = N239ZKJKTJ;
				INFOPLIST_FILE = HomeWork3/Info.plist;
				LD_RUNPATH_SEARCH_PATHS = "$(inherited) @executable_path/Frameworks";
				PRODUCT_BUNDLE_IDENTIFIER = Dima.HomeWork3;
				PRODUCT_NAME = "$(TARGET_NAME)";
				SWIFT_VERSION = 3.0;
			};
			name = Release;
		};
/* End XCBuildConfiguration section */

/* Begin XCConfigurationList section */
		C3F570A91F4CACC700B9F67A /* Build configuration list for PBXProject "HomeWork3" */ = {
			isa = XCConfigurationList;
			buildConfigurations = (
				C3F570BE1F4CACC700B9F67A /* Debug */,
				C3F570BF1F4CACC700B9F67A /* Release */,
			);
			defaultConfigurationIsVisible = 0;
			defaultConfigurationName = Release;
		};
		C3F570C01F4CACC700B9F67A /* Build configuration list for PBXNativeTarget "HomeWork3" */ = {
			isa = XCConfigurationList;
			buildConfigurations = (
				C3F570C11F4CACC700B9F67A /* Debug */,
				C3F570C21F4CACC700B9F67A /* Release */,
			);
			defaultConfigurationIsVisible = 0;
		};
/* End XCConfigurationList section */
	};
	rootObject = C3F570A61F4CACC700B9F67A /* Project object */;
}
